
Microsoft Visual Studio Solution File, Format Version 12.00
# Visual Studio Version 17
VisualStudioVersion = 17.7.34221.43
MinimumVisualStudioVersion = 10.0.40219.1
Project("{FAE04EC0-301F-11D3-BF4B-00C04F79EFBC}") = "Codealong", "Codealong\Codealong.csproj", "{4A5B6CB4-D9B5-4452-834A-5A2AEE38848E}"
EndProject
Global
	GlobalSection(SolutionConfigurationPlatforms) = preSolution
		Debug|Any CPU = Debug|Any CPU
		Release|Any CPU = Release|Any CPU
	EndGlobalSection
	GlobalSection(ProjectConfigurationPlatforms) = postSolution
		{4A5B6CB4-D9B5-4452-834A-5A2AEE38848E}.Debug|Any CPU.ActiveCfg = Debug|Any CPU
		{4A5B6CB4-D9B5-4452-834A-5A2AEE38848E}.Debug|Any CPU.Build.0 = Debug|Any CPU
		{4A5B6CB4-D9B5-4452-834A-5A2AEE38848E}.Release|Any CPU.ActiveCfg = Release|Any CPU
		{4A5B6CB4-D9B5-4452-834A-5A2AEE38848E}.Release|Any CPU.Build.0 = Release|Any CPU
	EndGlobalSection
	GlobalSection(SolutionProperties) = preSolution
		HideSolutionNode = FALSE
	EndGlobalSection
	GlobalSection(ExtensibilityGlobals) = postSolution
		SolutionGuid = {694AD794-F12D-4009-A2FB-E93FE71A9C2E}
	EndGlobalSection
EndGlobal
